
Microsoft Visual Studio Solution File, Format Version 12.00
# Visual Studio Version 16
VisualStudioVersion = 16.0.30011.22
MinimumVisualStudioVersion = 10.0.40219.1
Project("{FAE04EC0-301F-11D3-BF4B-00C04F79EFBC}") = "EmployeeManagement.Api", "EmployeeManagement.Api\EmployeeManagement.Api.csproj", "{2D452576-4FC4-4E3F-836F-466A462188D6}"
EndProject
Project("{FAE04EC0-301F-11D3-BF4B-00C04F79EFBC}") = "EmployeeManagement.Business", "EmployeeManagement.Business\EmployeeManagement.Business.csproj", "{EFB25A9A-0EFF-48C3-B046-698BCEAEAA41}"
EndProject
Project("{FAE04EC0-301F-11D3-BF4B-00C04F79EFBC}") = "EmployeeManagement.Data", "EmployeeManagement.Data\EmployeeManagement.Data.csproj", "{0F47A1A2-16F3-4FEC-8325-6B603860217A}"
EndProject
Global
	GlobalSection(SolutionConfigurationPlatforms) = preSolution
		Debug|Any CPU = Debug|Any CPU
		Release|Any CPU = Release|Any CPU
	EndGlobalSection
	GlobalSection(ProjectConfigurationPlatforms) = postSolution
		{2D452576-4FC4-4E3F-836F-466A462188D6}.Debug|Any CPU.ActiveCfg = Debug|Any CPU
		{2D452576-4FC4-4E3F-836F-466A462188D6}.Debug|Any CPU.Build.0 = Debug|Any CPU
		{2D452576-4FC4-4E3F-836F-466A462188D6}.Release|Any CPU.ActiveCfg = Release|Any CPU
		{2D452576-4FC4-4E3F-836F-466A462188D6}.Release|Any CPU.Build.0 = Release|Any CPU
		{EFB25A9A-0EFF-48C3-B046-698BCEAEAA41}.Debug|Any CPU.ActiveCfg = Debug|Any CPU
		{EFB25A9A-0EFF-48C3-B046-698BCEAEAA41}.Debug|Any CPU.Build.0 = Debug|Any CPU
		{EFB25A9A-0EFF-48C3-B046-698BCEAEAA41}.Release|Any CPU.ActiveCfg = Release|Any CPU
		{EFB25A9A-0EFF-48C3-B046-698BCEAEAA41}.Release|Any CPU.Build.0 = Release|Any CPU
		{0F47A1A2-16F3-4FEC-8325-6B603860217A}.Debug|Any CPU.ActiveCfg = Debug|Any CPU
		{0F47A1A2-16F3-4FEC-8325-6B603860217A}.Debug|Any CPU.Build.0 = Debug|Any CPU
		{0F47A1A2-16F3-4FEC-8325-6B603860217A}.Release|Any CPU.ActiveCfg = Release|Any CPU
		{0F47A1A2-16F3-4FEC-8325-6B603860217A}.Release|Any CPU.Build.0 = Release|Any CPU
	EndGlobalSection
	GlobalSection(SolutionProperties) = preSolution
		HideSolutionNode = FALSE
	EndGlobalSection
	GlobalSection(ExtensibilityGlobals) = postSolution
		SolutionGuid = {6C8502F0-D902-4B0D-8039-E38A170728DD}
	EndGlobalSection
EndGlobal
